
Microsoft Visual Studio Solution File, Format Version 12.00
Project("{FAE04EC0-301F-11D3-BF4B-00C04F79EFBC}") = "NumbersInWords", "NumbersInWords\NumbersInWords.csproj", "{81A2999F-7017-49D5-A033-10C489481065}"
EndProject
Global
	GlobalSection(SolutionConfigurationPlatforms) = preSolution
		Debug|Any CPU = Debug|Any CPU
		Release|Any CPU = Release|Any CPU
	EndGlobalSection
	GlobalSection(ProjectConfigurationPlatforms) = postSolution
		{81A2999F-7017-49D5-A033-10C489481065}.Debug|Any CPU.ActiveCfg = Debug|Any CPU
		{81A2999F-7017-49D5-A033-10C489481065}.Debug|Any CPU.Build.0 = Debug|Any CPU
		{81A2999F-7017-49D5-A033-10C489481065}.Release|Any CPU.ActiveCfg = Release|Any CPU
		{81A2999F-7017-49D5-A033-10C489481065}.Release|Any CPU.Build.0 = Release|Any CPU
	EndGlobalSection
EndGlobal
